
Microsoft Visual Studio Solution File, Format Version 12.00
# Visual Studio Version 17
VisualStudioVersion = 17.4.33122.133
MinimumVisualStudioVersion = 10.0.40219.1
Project("{FAE04EC0-301F-11D3-BF4B-00C04F79EFBC}") = "task_8", "task_8\task_8.csproj", "{4DE19ED6-BA05-49EA-93CE-C691350C57D8}"
EndProject
Global
	GlobalSection(SolutionConfigurationPlatforms) = preSolution
		Debug|Any CPU = Debug|Any CPU
		Release|Any CPU = Release|Any CPU
	EndGlobalSection
	GlobalSection(ProjectConfigurationPlatforms) = postSolution
		{4DE19ED6-BA05-49EA-93CE-C691350C57D8}.Debug|Any CPU.ActiveCfg = Debug|Any CPU
		{4DE19ED6-BA05-49EA-93CE-C691350C57D8}.Debug|Any CPU.Build.0 = Debug|Any CPU
		{4DE19ED6-BA05-49EA-93CE-C691350C57D8}.Release|Any CPU.ActiveCfg = Release|Any CPU
		{4DE19ED6-BA05-49EA-93CE-C691350C57D8}.Release|Any CPU.Build.0 = Release|Any CPU
	EndGlobalSection
	GlobalSection(SolutionProperties) = preSolution
		HideSolutionNode = FALSE
	EndGlobalSection
	GlobalSection(ExtensibilityGlobals) = postSolution
		SolutionGuid = {BBB698E3-D2C2-4E5D-87E5-33B9A6701D20}
	EndGlobalSection
EndGlobal
